{
    "name": "node-builder",
    "version": "1.0.0",
    "lockfileVersion": 2,
    "requires": true,
    "packages": {
        "": {
            "version": "1.0.0",
            "license": "ISC",
            "dependencies": {
                "dotenv": "^10.0.0"
            }
        },
        "node_modules/dotenv": {
            "version": "10.0.0",
            "resolved": "https://registry.nlark.com/dotenv/download/dotenv-10.0.0.tgz",
            "integrity": "sha1-PUInuPuV+BCWzdK2ZlP7LHCFuoE=",
            "engines": {
                "node": ">=10"
            }
        }
    },
    "dependencies": {
        "dotenv": {
            "version": "10.0.0",
            "resolved": "https://registry.nlark.com/dotenv/download/dotenv-10.0.0.tgz",
            "integrity": "sha1-PUInuPuV+BCWzdK2ZlP7LHCFuoE="
        }
    }
}